<?xml version="1.0" encoding="utf-8"?>
<Project ToolsVersion="4.0" xmlns="http://schemas.microsoft.com/developer/msbuild/2003">
  <ItemGroup>
    <Filter Include="Game">
      <UniqueIdentifier>{861e97ec-2465-4ce2-9310-f756799dd674}</UniqueIdentifier>
    </Filter>
    <Filter Include="Main">
      <UniqueIdentifier>{8dba4c3e-afa4-4707-bbd8-eb50640c50b5}</UniqueIdentifier>
    </Filter>
    <Filter Include="Shaders">
      <UniqueIdentifier>{b7cc3f37-4fa6-46a4-9323-a9a13e7aad13}</UniqueIdentifier>
    </Filter>
    <Filter Include="Main\Camera">
      <UniqueIdentifier>{9dbc6584-13e1-4551-b2e9-dbeccc359878}</UniqueIdentifier>
    </Filter>
    <Filter Include="Game\Week1">
      <UniqueIdentifier>{d28c292e-6ba9-4da3-940e-ed551014e2d8}</UniqueIdentifier>
    </Filter>
    <Filter Include="Game\Week2">
      <UniqueIdentifier>{ce10ad8f-ec54-425a-a741-1ebcc5aabaa6}</UniqueIdentifier>
    </Filter>
    <Filter Include="Shaders\Week2">
      <UniqueIdentifier>{60d4ee3b-d693-4666-a5d5-e437a54a62fc}</UniqueIdentifier>
    </Filter>
    <Filter Include="Shaders\Common">
      <UniqueIdentifier>{f05cfd53-ce19-4115-a96d-b6295e1c90e6}</UniqueIdentifier>
    </Filter>
    <Filter Include="Shaders\Week3">
      <UniqueIdentifier>{603fc900-adfb-4682-869d-a9ed7e9d54b9}</UniqueIdentifier>
    </Filter>
    <Filter Include="Shaders\Week1">
      <UniqueIdentifier>{da539efc-3a9e-4f7d-897f-668b827e0dc6}</UniqueIdentifier>
    </Filter>
    <Filter Include="Game\Week3">
      <UniqueIdentifier>{60f9beac-5b5e-44b5-9c1e-c1aa466d2fa1}</UniqueIdentifier>
    </Filter>
  </ItemGroup>
  <ItemGroup>
    <ClCompile Include="pch.cpp">
      <Filter>Main</Filter>
    </ClCompile>
    <ClCompile Include="Main.cpp">
      <Filter>Main</Filter>
    </ClCompile>
    <ClCompile Include="CameraScript.cpp">
      <Filter>Main\Camera</Filter>
    </ClCompile>
    <ClCompile Include="01. TriangleDemo.cpp">
      <Filter>Game\Week1</Filter>
    </ClCompile>
    <ClCompile Include="02. QuadDemo.cpp">
      <Filter>Game\Week1</Filter>
    </ClCompile>
    <ClCompile Include="03. ConstBufferDemo.cpp">
      <Filter>Game\Week1</Filter>
    </ClCompile>
    <ClCompile Include="04. CameraDemo.cpp">
      <Filter>Game\Week1</Filter>
    </ClCompile>
    <ClCompile Include="05. TextureDemo.cpp">
      <Filter>Game\Week1</Filter>
    </ClCompile>
    <ClCompile Include="06. SamplerDemo.cpp">
      <Filter>Game\Week1</Filter>
    </ClCompile>
    <ClCompile Include="07. HeightMapDemo.cpp">
      <Filter>Game\Week1</Filter>
    </ClCompile>
    <ClCompile Include="08. NormalDemo.cpp">
      <Filter>Game\Week1</Filter>
    </ClCompile>
    <ClCompile Include="09. MeshDemo.cpp">
      <Filter>Game\Week1</Filter>
    </ClCompile>
    <ClCompile Include="10. GlobalTestDemo.cpp">
      <Filter>Game\Week2</Filter>
    </ClCompile>
    <ClCompile Include="11. DepthStencilDemo.cpp">
      <Filter>Game\Week2</Filter>
    </ClCompile>
    <ClCompile Include="12. AmbientDemo.cpp">
      <Filter>Game\Week2</Filter>
    </ClCompile>
    <ClCompile Include="13. DiffuseDemo.cpp">
      <Filter>Game\Week2</Filter>
    </ClCompile>
    <ClCompile Include="14. SpecularDemo.cpp">
      <Filter>Game\Week2</Filter>
    </ClCompile>
    <ClCompile Include="15. EmissiveDemo.cpp">
      <Filter>Game\Week2</Filter>
    </ClCompile>
    <ClCompile Include="16. LightingDemo.cpp">
      <Filter>Game\Week2</Filter>
    </ClCompile>
    <ClCompile Include="17. MaterialDemo.cpp">
      <Filter>Game\Week2</Filter>
    </ClCompile>
    <ClCompile Include="18. NormalMappingDemo.cpp">
      <Filter>Game\Week2</Filter>
    </ClCompile>
  </ItemGroup>
  <ItemGroup>
    <ClInclude Include="pch.h">
      <Filter>Main</Filter>
    </ClInclude>
    <ClInclude Include="Main.h">
      <Filter>Main</Filter>
    </ClInclude>
    <ClInclude Include="CameraScript.h">
      <Filter>Main\Camera</Filter>
    </ClInclude>
    <ClInclude Include="01. TriangleDemo.h">
      <Filter>Game\Week1</Filter>
    </ClInclude>
    <ClInclude Include="02. QuadDemo.h">
      <Filter>Game\Week1</Filter>
    </ClInclude>
    <ClInclude Include="03. ConstBufferDemo.h">
      <Filter>Game\Week1</Filter>
    </ClInclude>
    <ClInclude Include="04. CameraDemo.h">
      <Filter>Game\Week1</Filter>
    </ClInclude>
    <ClInclude Include="05. TextureDemo.h">
      <Filter>Game\Week1</Filter>
    </ClInclude>
    <ClInclude Include="06. SamplerDemo.h">
      <Filter>Game\Week1</Filter>
    </ClInclude>
    <ClInclude Include="07. HeightMapDemo.h">
      <Filter>Game\Week1</Filter>
    </ClInclude>
    <ClInclude Include="08. NormalDemo.h">
      <Filter>Game\Week1</Filter>
    </ClInclude>
    <ClInclude Include="09. MeshDemo.h">
      <Filter>Game\Week1</Filter>
    </ClInclude>
    <ClInclude Include="10. GlobalTestDemo.h">
      <Filter>Game\Week2</Filter>
    </ClInclude>
    <ClInclude Include="11. DepthStencilDemo.h">
      <Filter>Game\Week2</Filter>
    </ClInclude>
    <ClInclude Include="12. AmbientDemo.h">
      <Filter>Game\Week2</Filter>
    </ClInclude>
    <ClInclude Include="13. DiffuseDemo.h">
      <Filter>Game\Week2</Filter>
    </ClInclude>
    <ClInclude Include="14. SpecularDemo.h">
      <Filter>Game\Week2</Filter>
    </ClInclude>
    <ClInclude Include="15. EmissiveDemo.h">
      <Filter>Game\Week2</Filter>
    </ClInclude>
    <ClInclude Include="16. LightingDemo.h">
      <Filter>Game\Week2</Filter>
    </ClInclude>
    <ClInclude Include="17. MaterialDemo.h">
      <Filter>Game\Week2</Filter>
    </ClInclude>
    <ClInclude Include="18. NormalMappingDemo.h">
      <Filter>Game\Week2</Filter>
    </ClInclude>
  </ItemGroup>
  <ItemGroup>
    <FxCompile Include="..\Shaders\00. Global.fx">
      <Filter>Shaders\Common</Filter>
    </FxCompile>
    <FxCompile Include="..\Shaders\08. GlobalTest.fx">
      <Filter>Shaders\Week2</Filter>
    </FxCompile>
    <FxCompile Include="..\Shaders\09. Lighting_Ambient.fx">
      <Filter>Shaders\Week2</Filter>
    </FxCompile>
    <FxCompile Include="..\Shaders\10. Lighting_Diffuse.fx">
      <Filter>Shaders\Week2</Filter>
    </FxCompile>
    <FxCompile Include="..\Shaders\11. Lighting_Specular.fx">
      <Filter>Shaders\Week2</Filter>
    </FxCompile>
    <FxCompile Include="..\Shaders\12. Lighting_Emissive.fx">
      <Filter>Shaders\Week2</Filter>
    </FxCompile>
    <FxCompile Include="..\Shaders\13. Lighting.fx">
      <Filter>Shaders\Week2</Filter>
    </FxCompile>
    <FxCompile Include="..\Shaders\00. Light.fx">
      <Filter>Shaders\Common</Filter>
    </FxCompile>
    <FxCompile Include="..\Shaders\14. NormalMapping.fx">
      <Filter>Shaders\Week2</Filter>
    </FxCompile>
    <FxCompile Include="..\Shaders\01. Triangle.fx">
      <Filter>Shaders\Week1</Filter>
    </FxCompile>
    <FxCompile Include="..\Shaders\02. Quad.fx">
      <Filter>Shaders\Week1</Filter>
    </FxCompile>
    <FxCompile Include="..\Shaders\03. ConstBuffer.fx">
      <Filter>Shaders\Week1</Filter>
    </FxCompile>
    <FxCompile Include="..\Shaders\04. Texture.fx">
      <Filter>Shaders\Week1</Filter>
    </FxCompile>
    <FxCompile Include="..\Shaders\05. Sampler.fx">
      <Filter>Shaders\Week1</Filter>
    </FxCompile>
    <FxCompile Include="..\Shaders\06. Terrain.fx">
      <Filter>Shaders\Week1</Filter>
    </FxCompile>
    <FxCompile Include="..\Shaders\07. Normal.fx">
      <Filter>Shaders\Week1</Filter>
    </FxCompile>
    <FxCompile Include="..\Shaders\15. ModelDemo.fx">
      <Filter>Shaders\Week3</Filter>
    </FxCompile>
    <FxCompile Include="..\Shaders\16. AnimationDemo.fx">
      <Filter>Shaders\Week3</Filter>
    </FxCompile>
  </ItemGroup>
</Project>